
Microsoft Visual Studio Solution File, Format Version 12.00
# Visual Studio 2013
VisualStudioVersion = 12.0.31101.0
MinimumVisualStudioVersion = 10.0.40219.1
Project("{FAE04EC0-301F-11D3-BF4B-00C04F79EFBC}") = "CorridorProblem", "Corridor\CorridorProblem.csproj", "{6A633542-6B1C-41A8-A060-CC6693DEB368}"
EndProject
Project("{FAE04EC0-301F-11D3-BF4B-00C04F79EFBC}") = "CorridorProblem.Core", "Corridor.Core\CorridorProblem.Core.csproj", "{E21DBF65-9358-4961-8FF3-D384821B1A12}"
EndProject
Project("{FAE04EC0-301F-11D3-BF4B-00C04F79EFBC}") = "CorridorProblem.Tests", "Corridor.Tests\CorridorProblem.Tests.csproj", "{98005F46-B7D3-4143-8058-CEAE37DE3E7C}"
EndProject
Global
	GlobalSection(SolutionConfigurationPlatforms) = preSolution
		Debug|Any CPU = Debug|Any CPU
		Debug|ARM = Debug|ARM
		Debug|x64 = Debug|x64
		Debug|x86 = Debug|x86
		Release|Any CPU = Release|Any CPU
		Release|ARM = Release|ARM
		Release|x64 = Release|x64
		Release|x86 = Release|x86
	EndGlobalSection
	GlobalSection(ProjectConfigurationPlatforms) = postSolution
		{6A633542-6B1C-41A8-A060-CC6693DEB368}.Debug|Any CPU.ActiveCfg = Debug|Any CPU
		{6A633542-6B1C-41A8-A060-CC6693DEB368}.Debug|Any CPU.Build.0 = Debug|Any CPU
		{6A633542-6B1C-41A8-A060-CC6693DEB368}.Debug|ARM.ActiveCfg = Debug|Any CPU
		{6A633542-6B1C-41A8-A060-CC6693DEB368}.Debug|x64.ActiveCfg = Debug|Any CPU
		{6A633542-6B1C-41A8-A060-CC6693DEB368}.Debug|x86.ActiveCfg = Debug|Any CPU
		{6A633542-6B1C-41A8-A060-CC6693DEB368}.Release|Any CPU.ActiveCfg = Release|Any CPU
		{6A633542-6B1C-41A8-A060-CC6693DEB368}.Release|Any CPU.Build.0 = Release|Any CPU
		{6A633542-6B1C-41A8-A060-CC6693DEB368}.Release|ARM.ActiveCfg = Release|Any CPU
		{6A633542-6B1C-41A8-A060-CC6693DEB368}.Release|x64.ActiveCfg = Release|Any CPU
		{6A633542-6B1C-41A8-A060-CC6693DEB368}.Release|x86.ActiveCfg = Release|Any CPU
		{E21DBF65-9358-4961-8FF3-D384821B1A12}.Debug|Any CPU.ActiveCfg = Debug|Any CPU
		{E21DBF65-9358-4961-8FF3-D384821B1A12}.Debug|Any CPU.Build.0 = Debug|Any CPU
		{E21DBF65-9358-4961-8FF3-D384821B1A12}.Debug|ARM.ActiveCfg = Debug|Any CPU
		{E21DBF65-9358-4961-8FF3-D384821B1A12}.Debug|x64.ActiveCfg = Debug|Any CPU
		{E21DBF65-9358-4961-8FF3-D384821B1A12}.Debug|x86.ActiveCfg = Debug|Any CPU
		{E21DBF65-9358-4961-8FF3-D384821B1A12}.Release|Any CPU.ActiveCfg = Release|Any CPU
		{E21DBF65-9358-4961-8FF3-D384821B1A12}.Release|Any CPU.Build.0 = Release|Any CPU
		{E21DBF65-9358-4961-8FF3-D384821B1A12}.Release|ARM.ActiveCfg = Release|Any CPU
		{E21DBF65-9358-4961-8FF3-D384821B1A12}.Release|x64.ActiveCfg = Release|Any CPU
		{E21DBF65-9358-4961-8FF3-D384821B1A12}.Release|x86.ActiveCfg = Release|Any CPU
		{98005F46-B7D3-4143-8058-CEAE37DE3E7C}.Debug|Any CPU.ActiveCfg = Debug|Any CPU
		{98005F46-B7D3-4143-8058-CEAE37DE3E7C}.Debug|Any CPU.Build.0 = Debug|Any CPU
		{98005F46-B7D3-4143-8058-CEAE37DE3E7C}.Debug|ARM.ActiveCfg = Debug|Any CPU
		{98005F46-B7D3-4143-8058-CEAE37DE3E7C}.Debug|x64.ActiveCfg = Debug|Any CPU
		{98005F46-B7D3-4143-8058-CEAE37DE3E7C}.Debug|x86.ActiveCfg = Debug|Any CPU
		{98005F46-B7D3-4143-8058-CEAE37DE3E7C}.Release|Any CPU.ActiveCfg = Release|Any CPU
		{98005F46-B7D3-4143-8058-CEAE37DE3E7C}.Release|Any CPU.Build.0 = Release|Any CPU
		{98005F46-B7D3-4143-8058-CEAE37DE3E7C}.Release|ARM.ActiveCfg = Release|Any CPU
		{98005F46-B7D3-4143-8058-CEAE37DE3E7C}.Release|x64.ActiveCfg = Release|Any CPU
		{98005F46-B7D3-4143-8058-CEAE37DE3E7C}.Release|x86.ActiveCfg = Release|Any CPU
	EndGlobalSection
	GlobalSection(SolutionProperties) = preSolution
		HideSolutionNode = FALSE
	EndGlobalSection
EndGlobal
